
Microsoft Visual Studio Solution File, Format Version 12.00
# Visual Studio Version 17
VisualStudioVersion = 17.12.35527.113
MinimumVisualStudioVersion = 10.0.40219.1
Project("{FAE04EC0-301F-11D3-BF4B-00C04F79EFBC}") = "CQRSInsurance", "CQRSInsurance\CQRSInsurance.csproj", "{183998D8-C3A3-4F85-8D79-9237A197DF4D}"
EndProject
Global
	GlobalSection(SolutionConfigurationPlatforms) = preSolution
		Debug|Any CPU = Debug|Any CPU
		Release|Any CPU = Release|Any CPU
	EndGlobalSection
	GlobalSection(ProjectConfigurationPlatforms) = postSolution
		{183998D8-C3A3-4F85-8D79-9237A197DF4D}.Debug|Any CPU.ActiveCfg = Debug|Any CPU
		{183998D8-C3A3-4F85-8D79-9237A197DF4D}.Debug|Any CPU.Build.0 = Debug|Any CPU
		{183998D8-C3A3-4F85-8D79-9237A197DF4D}.Release|Any CPU.ActiveCfg = Release|Any CPU
		{183998D8-C3A3-4F85-8D79-9237A197DF4D}.Release|Any CPU.Build.0 = Release|Any CPU
	EndGlobalSection
	GlobalSection(SolutionProperties) = preSolution
		HideSolutionNode = FALSE
	EndGlobalSection
EndGlobal
